
Microsoft Visual Studio Solution File, Format Version 12.00
# Visual Studio Version 16
VisualStudioVersion = 16.0.28917.181
MinimumVisualStudioVersion = 10.0.40219.1
Project("{FAE04EC0-301F-11D3-BF4B-00C04F79EFBC}") = "ManagedIdentity.KeyVault.Configuration", "ManagedIdentity.KeyVault.Configuration\ManagedIdentity.KeyVault.Configuration.csproj", "{BD6103A6-128C-4156-BBFE-8A2C8D163034}"
EndProject
Project("{FAE04EC0-301F-11D3-BF4B-00C04F79EFBC}") = "ManagedIdentity.KeyVault.Secrets", "ManagedIdentity.KeyVault.Secrets\ManagedIdentity.KeyVault.Secrets.csproj", "{46A8B051-34D5-427D-98ED-A34C0B8E7B4C}"
EndProject
Project("{FAE04EC0-301F-11D3-BF4B-00C04F79EFBC}") = "KeyVault.Secrets", "KeyVault.Secrets\KeyVault.Secrets.csproj", "{F30E05AE-AA6D-4F4E-92BB-04C5D2E48C85}"
EndProject
Global
	GlobalSection(SolutionConfigurationPlatforms) = preSolution
		Debug|Any CPU = Debug|Any CPU
		Release|Any CPU = Release|Any CPU
	EndGlobalSection
	GlobalSection(ProjectConfigurationPlatforms) = postSolution
		{BD6103A6-128C-4156-BBFE-8A2C8D163034}.Debug|Any CPU.ActiveCfg = Debug|Any CPU
		{BD6103A6-128C-4156-BBFE-8A2C8D163034}.Debug|Any CPU.Build.0 = Debug|Any CPU
		{BD6103A6-128C-4156-BBFE-8A2C8D163034}.Release|Any CPU.ActiveCfg = Release|Any CPU
		{BD6103A6-128C-4156-BBFE-8A2C8D163034}.Release|Any CPU.Build.0 = Release|Any CPU
		{46A8B051-34D5-427D-98ED-A34C0B8E7B4C}.Debug|Any CPU.ActiveCfg = Debug|Any CPU
		{46A8B051-34D5-427D-98ED-A34C0B8E7B4C}.Debug|Any CPU.Build.0 = Debug|Any CPU
		{46A8B051-34D5-427D-98ED-A34C0B8E7B4C}.Release|Any CPU.ActiveCfg = Release|Any CPU
		{46A8B051-34D5-427D-98ED-A34C0B8E7B4C}.Release|Any CPU.Build.0 = Release|Any CPU
		{F30E05AE-AA6D-4F4E-92BB-04C5D2E48C85}.Debug|Any CPU.ActiveCfg = Debug|Any CPU
		{F30E05AE-AA6D-4F4E-92BB-04C5D2E48C85}.Debug|Any CPU.Build.0 = Debug|Any CPU
		{F30E05AE-AA6D-4F4E-92BB-04C5D2E48C85}.Release|Any CPU.ActiveCfg = Release|Any CPU
		{F30E05AE-AA6D-4F4E-92BB-04C5D2E48C85}.Release|Any CPU.Build.0 = Release|Any CPU
	EndGlobalSection
	GlobalSection(SolutionProperties) = preSolution
		HideSolutionNode = FALSE
	EndGlobalSection
	GlobalSection(ExtensibilityGlobals) = postSolution
		SolutionGuid = {61B0A327-05CF-42DA-9A8E-A51FEEE1EE35}
	EndGlobalSection
EndGlobal
